
Microsoft Visual Studio Solution File, Format Version 12.00
# Visual Studio Version 16
VisualStudioVersion = 16.0.31613.86
MinimumVisualStudioVersion = 10.0.40219.1
Project("{FAE04EC0-301F-11D3-BF4B-00C04F79EFBC}") = "05.09_Rezerv_Kopy", "05.09_Rezerv_Kopy\05.09_Rezerv_Kopy.csproj", "{7D64BF8C-B64B-496A-ACC2-FAD7E372624D}"
EndProject
Global
	GlobalSection(SolutionConfigurationPlatforms) = preSolution
		Debug|Any CPU = Debug|Any CPU
		Release|Any CPU = Release|Any CPU
	EndGlobalSection
	GlobalSection(ProjectConfigurationPlatforms) = postSolution
		{7D64BF8C-B64B-496A-ACC2-FAD7E372624D}.Debug|Any CPU.ActiveCfg = Debug|Any CPU
		{7D64BF8C-B64B-496A-ACC2-FAD7E372624D}.Debug|Any CPU.Build.0 = Debug|Any CPU
		{7D64BF8C-B64B-496A-ACC2-FAD7E372624D}.Release|Any CPU.ActiveCfg = Release|Any CPU
		{7D64BF8C-B64B-496A-ACC2-FAD7E372624D}.Release|Any CPU.Build.0 = Release|Any CPU
	EndGlobalSection
	GlobalSection(SolutionProperties) = preSolution
		HideSolutionNode = FALSE
	EndGlobalSection
	GlobalSection(ExtensibilityGlobals) = postSolution
		SolutionGuid = {08364BF7-69AD-490D-8B72-49BFFF2D95D5}
	EndGlobalSection
EndGlobal
